Microsoft Visual Studio Solution File, Format Version 12.00
# Visual Studio Version 16
VisualStudioVersion = 16.0.30011.22
MinimumVisualStudioVersion = 10.0.40219.1
Project("{9A19103F-16F7-4668-BE54-9A1E7A4F7556}") = "DmgCore", "DMG\DmgCore.csproj", "{7B689F12-C554-4AEC-B806-E3D1D3F7BCE1}"
EndProject
Project("{9A19103F-16F7-4668-BE54-9A1E7A4F7556}") = "WinFormsDmg", "WinFormsDmg\WinFormsDmg.csproj", "{C37AB5A1-74B9-413C-8283-3D2277EA945D}"
EndProject
Global
	GlobalSection(SolutionConfigurationPlatforms) = preSolution
		Debug|Any CPU = Debug|Any CPU
		Release|Any CPU = Release|Any CPU
	EndGlobalSection
	GlobalSection(ProjectConfigurationPlatforms) = postSolution
		{7B689F12-C554-4AEC-B806-E3D1D3F7BCE1}.Debug|Any CPU.ActiveCfg = Debug|Any CPU
		{7B689F12-C554-4AEC-B806-E3D1D3F7BCE1}.Debug|Any CPU.Build.0 = Debug|Any CPU
		{7B689F12-C554-4AEC-B806-E3D1D3F7BCE1}.Release|Any CPU.ActiveCfg = Release|Any CPU
		{7B689F12-C554-4AEC-B806-E3D1D3F7BCE1}.Release|Any CPU.Build.0 = Release|Any CPU
		{C37AB5A1-74B9-413C-8283-3D2277EA945D}.Debug|Any CPU.ActiveCfg = Debug|Any CPU
		{C37AB5A1-74B9-413C-8283-3D2277EA945D}.Debug|Any CPU.Build.0 = Debug|Any CPU
		{C37AB5A1-74B9-413C-8283-3D2277EA945D}.Release|Any CPU.ActiveCfg = Release|Any CPU
		{C37AB5A1-74B9-413C-8283-3D2277EA945D}.Release|Any CPU.Build.0 = Release|Any CPU
	EndGlobalSection
	GlobalSection(SolutionProperties) = preSolution
		HideSolutionNode = FALSE
	EndGlobalSection
	GlobalSection(ExtensibilityGlobals) = postSolution
		SolutionGuid = {7E9726F1-EBE7-4D03-BE89-0231C562242A}
	EndGlobalSection
EndGlobal
